
Microsoft Visual Studio Solution File, Format Version 12.00
# Visual Studio Version 17
VisualStudioVersion = 17.0.31903.59
MinimumVisualStudioVersion = 10.0.40219.1
Project("{2150E333-8FDC-42A3-9474-1A3956D46DE8}") = "backend", "backend", "{1AE8ACA6-933B-BF2A-3671-3E2EAC007D16}"
EndProject
Project("{FAE04EC0-301F-11D3-BF4B-00C04F79EFBC}") = "MundialPrediction.API", "backend\MundialPrediction.API\MundialPrediction.API.csproj", "{E9A8F7AC-75A1-40D6-984B-332967C6C81E}"
EndProject
Project("{FAE04EC0-301F-11D3-BF4B-00C04F79EFBC}") = "MundialPrediction.Core", "backend\MundialPrediction.Core\MundialPrediction.Core.csproj", "{6D6B7A32-465A-4B54-A1EE-04FAE09EE9CD}"
EndProject
Project("{FAE04EC0-301F-11D3-BF4B-00C04F79EFBC}") = "MundialPrediction.Infrastructure", "backend\MundialPrediction.Infrastructure\MundialPrediction.Infrastructure.csproj", "{40A49ADA-B8A9-475C-AC9F-C1BDF93DCECA}"
EndProject
Global
	GlobalSection(SolutionConfigurationPlatforms) = preSolution
		Debug|Any CPU = Debug|Any CPU
		Debug|x64 = Debug|x64
		Debug|x86 = Debug|x86
		Release|Any CPU = Release|Any CPU
		Release|x64 = Release|x64
		Release|x86 = Release|x86
	EndGlobalSection
	GlobalSection(ProjectConfigurationPlatforms) = postSolution
		{E9A8F7AC-75A1-40D6-984B-332967C6C81E}.Debug|Any CPU.ActiveCfg = Debug|Any CPU
		{E9A8F7AC-75A1-40D6-984B-332967C6C81E}.Debug|Any CPU.Build.0 = Debug|Any CPU
		{E9A8F7AC-75A1-40D6-984B-332967C6C81E}.Debug|x64.ActiveCfg = Debug|Any CPU
		{E9A8F7AC-75A1-40D6-984B-332967C6C81E}.Debug|x64.Build.0 = Debug|Any CPU
		{E9A8F7AC-75A1-40D6-984B-332967C6C81E}.Debug|x86.ActiveCfg = Debug|Any CPU
		{E9A8F7AC-75A1-40D6-984B-332967C6C81E}.Debug|x86.Build.0 = Debug|Any CPU
		{E9A8F7AC-75A1-40D6-984B-332967C6C81E}.Release|Any CPU.ActiveCfg = Release|Any CPU
		{E9A8F7AC-75A1-40D6-984B-332967C6C81E}.Release|Any CPU.Build.0 = Release|Any CPU
		{E9A8F7AC-75A1-40D6-984B-332967C6C81E}.Release|x64.ActiveCfg = Release|Any CPU
		{E9A8F7AC-75A1-40D6-984B-332967C6C81E}.Release|x64.Build.0 = Release|Any CPU
		{E9A8F7AC-75A1-40D6-984B-332967C6C81E}.Release|x86.ActiveCfg = Release|Any CPU
		{E9A8F7AC-75A1-40D6-984B-332967C6C81E}.Release|x86.Build.0 = Release|Any CPU
		{6D6B7A32-465A-4B54-A1EE-04FAE09EE9CD}.Debug|Any CPU.ActiveCfg = Debug|Any CPU
		{6D6B7A32-465A-4B54-A1EE-04FAE09EE9CD}.Debug|Any CPU.Build.0 = Debug|Any CPU
		{6D6B7A32-465A-4B54-A1EE-04FAE09EE9CD}.Debug|x64.ActiveCfg = Debug|Any CPU
		{6D6B7A32-465A-4B54-A1EE-04FAE09EE9CD}.Debug|x64.Build.0 = Debug|Any CPU
		{6D6B7A32-465A-4B54-A1EE-04FAE09EE9CD}.Debug|x86.ActiveCfg = Debug|Any CPU
		{6D6B7A32-465A-4B54-A1EE-04FAE09EE9CD}.Debug|x86.Build.0 = Debug|Any CPU
		{6D6B7A32-465A-4B54-A1EE-04FAE09EE9CD}.Release|Any CPU.ActiveCfg = Release|Any CPU
		{6D6B7A32-465A-4B54-A1EE-04FAE09EE9CD}.Release|Any CPU.Build.0 = Release|Any CPU
		{6D6B7A32-465A-4B54-A1EE-04FAE09EE9CD}.Release|x64.ActiveCfg = Release|Any CPU
		{6D6B7A32-465A-4B54-A1EE-04FAE09EE9CD}.Release|x64.Build.0 = Release|Any CPU
		{6D6B7A32-465A-4B54-A1EE-04FAE09EE9CD}.Release|x86.ActiveCfg = Release|Any CPU
		{6D6B7A32-465A-4B54-A1EE-04FAE09EE9CD}.Release|x86.Build.0 = Release|Any CPU
		{40A49ADA-B8A9-475C-AC9F-C1BDF93DCECA}.Debug|Any CPU.ActiveCfg = Debug|Any CPU
		{40A49ADA-B8A9-475C-AC9F-C1BDF93DCECA}.Debug|Any CPU.Build.0 = Debug|Any CPU
		{40A49ADA-B8A9-475C-AC9F-C1BDF93DCECA}.Debug|x64.ActiveCfg = Debug|Any CPU
		{40A49ADA-B8A9-475C-AC9F-C1BDF93DCECA}.Debug|x64.Build.0 = Debug|Any CPU
		{40A49ADA-B8A9-475C-AC9F-C1BDF93DCECA}.Debug|x86.ActiveCfg = Debug|Any CPU
		{40A49ADA-B8A9-475C-AC9F-C1BDF93DCECA}.Debug|x86.Build.0 = Debug|Any CPU
		{40A49ADA-B8A9-475C-AC9F-C1BDF93DCECA}.Release|Any CPU.ActiveCfg = Release|Any CPU
		{40A49ADA-B8A9-475C-AC9F-C1BDF93DCECA}.Release|Any CPU.Build.0 = Release|Any CPU
		{40A49ADA-B8A9-475C-AC9F-C1BDF93DCECA}.Release|x64.ActiveCfg = Release|Any CPU
		{40A49ADA-B8A9-475C-AC9F-C1BDF93DCECA}.Release|x64.Build.0 = Release|Any CPU
		{40A49ADA-B8A9-475C-AC9F-C1BDF93DCECA}.Release|x86.ActiveCfg = Release|Any CPU
		{40A49ADA-B8A9-475C-AC9F-C1BDF93DCECA}.Release|x86.Build.0 = Release|Any CPU
	EndGlobalSection
	GlobalSection(SolutionProperties) = preSolution
		HideSolutionNode = FALSE
	EndGlobalSection
	GlobalSection(NestedProjects) = preSolution
		{E9A8F7AC-75A1-40D6-984B-332967C6C81E} = {1AE8ACA6-933B-BF2A-3671-3E2EAC007D16}
		{6D6B7A32-465A-4B54-A1EE-04FAE09EE9CD} = {1AE8ACA6-933B-BF2A-3671-3E2EAC007D16}
		{40A49ADA-B8A9-475C-AC9F-C1BDF93DCECA} = {1AE8ACA6-933B-BF2A-3671-3E2EAC007D16}
	EndGlobalSection
EndGlobal
